
Microsoft Visual Studio Solution File, Format Version 12.00
# Visual Studio Version 16
VisualStudioVersion = 16.6.30114.105
MinimumVisualStudioVersion = 10.0.40219.1
Project("{F2A71F9B-5D33-465A-A702-920D77279786}") = "Fable.MyLib", "src\Fable.MyLib.fsproj", "{921AF918-B6B1-4827-987F-E1A20DBB7585}"
EndProject
Project("{F2A71F9B-5D33-465A-A702-920D77279786}") = "Fable.MyLib.Tests", "tests\Fable.MyLib.Tests.fsproj", "{D6764D65-7022-4DE0-A8AE-64D09A9228E6}"
EndProject
Global
	GlobalSection(SolutionConfigurationPlatforms) = preSolution
		Debug|Any CPU = Debug|Any CPU
		Debug|x64 = Debug|x64
		Debug|x86 = Debug|x86
		Release|Any CPU = Release|Any CPU
		Release|x64 = Release|x64
		Release|x86 = Release|x86
	EndGlobalSection
	GlobalSection(SolutionProperties) = preSolution
		HideSolutionNode = FALSE
	EndGlobalSection
	GlobalSection(ProjectConfigurationPlatforms) = postSolution
		{921AF918-B6B1-4827-987F-E1A20DBB7585}.Debug|Any CPU.ActiveCfg = Debug|Any CPU
		{921AF918-B6B1-4827-987F-E1A20DBB7585}.Debug|Any CPU.Build.0 = Debug|Any CPU
		{921AF918-B6B1-4827-987F-E1A20DBB7585}.Debug|x64.ActiveCfg = Debug|Any CPU
		{921AF918-B6B1-4827-987F-E1A20DBB7585}.Debug|x64.Build.0 = Debug|Any CPU
		{921AF918-B6B1-4827-987F-E1A20DBB7585}.Debug|x86.ActiveCfg = Debug|Any CPU
		{921AF918-B6B1-4827-987F-E1A20DBB7585}.Debug|x86.Build.0 = Debug|Any CPU
		{921AF918-B6B1-4827-987F-E1A20DBB7585}.Release|Any CPU.ActiveCfg = Release|Any CPU
		{921AF918-B6B1-4827-987F-E1A20DBB7585}.Release|Any CPU.Build.0 = Release|Any CPU
		{921AF918-B6B1-4827-987F-E1A20DBB7585}.Release|x64.ActiveCfg = Release|Any CPU
		{921AF918-B6B1-4827-987F-E1A20DBB7585}.Release|x64.Build.0 = Release|Any CPU
		{921AF918-B6B1-4827-987F-E1A20DBB7585}.Release|x86.ActiveCfg = Release|Any CPU
		{921AF918-B6B1-4827-987F-E1A20DBB7585}.Release|x86.Build.0 = Release|Any CPU
		{D6764D65-7022-4DE0-A8AE-64D09A9228E6}.Debug|Any CPU.ActiveCfg = Debug|Any CPU
		{D6764D65-7022-4DE0-A8AE-64D09A9228E6}.Debug|Any CPU.Build.0 = Debug|Any CPU
		{D6764D65-7022-4DE0-A8AE-64D09A9228E6}.Debug|x64.ActiveCfg = Debug|Any CPU
		{D6764D65-7022-4DE0-A8AE-64D09A9228E6}.Debug|x64.Build.0 = Debug|Any CPU
		{D6764D65-7022-4DE0-A8AE-64D09A9228E6}.Debug|x86.ActiveCfg = Debug|Any CPU
		{D6764D65-7022-4DE0-A8AE-64D09A9228E6}.Debug|x86.Build.0 = Debug|Any CPU
		{D6764D65-7022-4DE0-A8AE-64D09A9228E6}.Release|Any CPU.ActiveCfg = Release|Any CPU
		{D6764D65-7022-4DE0-A8AE-64D09A9228E6}.Release|Any CPU.Build.0 = Release|Any CPU
		{D6764D65-7022-4DE0-A8AE-64D09A9228E6}.Release|x64.ActiveCfg = Release|Any CPU
		{D6764D65-7022-4DE0-A8AE-64D09A9228E6}.Release|x64.Build.0 = Release|Any CPU
		{D6764D65-7022-4DE0-A8AE-64D09A9228E6}.Release|x86.ActiveCfg = Release|Any CPU
		{D6764D65-7022-4DE0-A8AE-64D09A9228E6}.Release|x86.Build.0 = Release|Any CPU
	EndGlobalSection
EndGlobal
